{
  "name": "newspaper",
  "lockfileVersion": 3,
  "requires": true,
  "packages": {
    "": {
      "name": "newspaper",
      "workspaces": [
        "apps/*",
        "packages/*"
      ],
      "devDependencies": {
        "@biomejs/biome": "^2.4.14",
        "turbo": "^2.9.8",
        "typescript": "5.9.2"
      },
      "engines": {
        "node": ">=24"
      }
    },
    "apps/api": {
      "version": "0.1.0",
      "dependencies": {
        "fastify": "^5.8.5",
        "fastify-swagger": "^5.1.1"
      },
      "devDependencies": {
        "@repo/biome-config": "*",
        "@repo/typescript-config": "*",
        "@types/node": "^22.15.3",
        "tsx": "^4.19.4",
        "typescript": "5.9.2"
      }
    },
    "apps/web": {
      "version": "0.1.0",
      "dependencies": {
        "next": "16.2.0",
        "react": "^19.2.0",
        "react-dom": "^19.2.0"
      },
      "devDependencies": {
        "@repo/biome-config": "*",
        "@repo/typescript-config": "*",
        "@types/node": "^22.15.3",
        "@types/react": "19.2.2",
        "@types/react-dom": "19.2.2",
        "typescript": "5.9.2"
      }
    },
    "node_modules/@biomejs/biome": {
      "version": "2.4.14",
      "dev": true,
      "license": "MIT OR Apache-2.0",
      "bin": {
        "biome": "bin/biome"
      },
      "engines": {
        "node": ">=14.21.3"
      },
      "funding": {
        "type": "opencollective",
        "url": "https://opencollective.com/biome"
      },
      "optionalDependencies": {
        "@biomejs/cli-darwin-arm64": "2.4.14",
        "@biomejs/cli-darwin-x64": "2.4.14",
        "@biomejs/cli-linux-arm64": "2.4.14",
        "@biomejs/cli-linux-arm64-musl": "2.4.14",
        "@biomejs/cli-linux-x64": "2.4.14",
        "@biomejs/cli-linux-x64-musl": "2.4.14",
        "@biomejs/cli-win32-arm64": "2.4.14",
        "@biomejs/cli-win32-x64": "2.4.14"
      }
    },
    "node_modules/@biomejs/cli-darwin-arm64": {
      "version": "2.4.14",
      "resolved": "https://registry.npmjs.org/@biomejs/cli-darwin-arm64/-/cli-darwin-arm64-2.4.14.tgz",
      "integrity": "sha512-XvgoE9XOawUOQPdmvs4J7wPhi/DLwSCGks3AlPJDmh34O0awRTqCED1HRcRDdpf1Zrp4us4MGOOdIxNpbqNF5Q==",
      "cpu": [
        "arm64"
      ],
      "dev": true,
      "license": "MIT OR Apache-2.0",
      "optional": true,
      "os": [
        "darwin"
      ],
      "engines": {
        "node": ">=14.21.3"
      }
    },
    "node_modules/@biomejs/cli-darwin-x64": {
      "version": "2.4.14",
      "cpu": [
        "x64"
      ],
      "dev": true,
      "license": "MIT OR Apache-2.0",
      "optional": true,
      "os": [
        "darwin"
      ],
      "engines": {
        "node": ">=14.21.3"
      }
    },
    "node_modules/@biomejs/cli-linux-arm64": {
      "version": "2.4.14",
      "resolved": "https://registry.npmjs.org/@biomejs/cli-linux-arm64/-/cli-linux-arm64-2.4.14.tgz",
      "integrity": "sha512-2TELhZnW5RSLL063l9rc5xLpA0ZIw0Ccwy/0q384rvNAgFw3yI76bd59547yxowdQr5MNPET/xDLrLuvgSeeWQ==",
      "cpu": [
        "arm64"
      ],
      "dev": true,
      "libc": [
        "glibc"
      ],
      "license": "MIT OR Apache-2.0",
      "optional": true,
      "os": [
        "linux"
      ],
      "engines": {
        "node": ">=14.21.3"
      }
    },
    "node_modules/@biomejs/cli-linux-arm64-musl": {
      "version": "2.4.14",
      "resolved": "https://registry.npmjs.org/@biomejs/cli-linux-arm64-musl/-/cli-linux-arm64-musl-2.4.14.tgz",
      "integrity": "sha512-/z+6gqAqqUQTHazwStxSXKHg9b8UvqBmDFRp+c4wYbq2KXhELQDon9EoC9RpmQ8JWkqQx/lIUy/cs+MhzDZp6A==",
      "cpu": [
        "arm64"
      ],
      "dev": true,
      "libc": [
        "musl"
      ],
      "license": "MIT OR Apache-2.0",
      "optional": true,
      "os": [
        "linux"
      ],
      "engines": {
        "node": ">=14.21.3"
      }
    },
    "node_modules/@biomejs/cli-linux-x64": {
      "version": "2.4.14",
      "resolved": "https://registry.npmjs.org/@biomejs/cli-linux-x64/-/cli-linux-x64-2.4.14.tgz",
      "integrity": "sha512-zHrlQZDBDUz4OLAraYpWKcnLS6HOewBFWYOzY91d1ZjdqZwibOyb6BEu6WuWLugyo0P3riCmsbV9UqV1cSXwQg==",
      "cpu": [
        "x64"
      ],
      "dev": true,
      "libc": [
        "glibc"
      ],
      "license": "MIT OR Apache-2.0",
      "optional": true,
      "os": [
        "linux"
      ],
      "engines": {
        "node": ">=14.21.3"
      }
    },
    "node_modules/@biomejs/cli-linux-x64-musl": {
      "version": "2.4.14",
      "resolved": "https://registry.npmjs.org/@biomejs/cli-linux-x64-musl/-/cli-linux-x64-musl-2.4.14.tgz",
      "integrity": "sha512-R6BWgJdQOwW9ulJatuTVrQkjnODjqHZkKNOqb1sz++3Noe5LYd0i3PchnOBUCYAPHoPWHhjJqbdZlHEu0hpjdA==",
      "cpu": [
        "x64"
      ],
      "dev": true,
      "libc": [
        "musl"
      ],
      "license": "MIT OR Apache-2.0",
      "optional": true,
      "os": [
        "linux"
      ],
      "engines": {
        "node": ">=14.21.3"
      }
    },
    "node_modules/@biomejs/cli-win32-arm64": {
      "version": "2.4.14",
      "resolved": "https://registry.npmjs.org/@biomejs/cli-win32-arm64/-/cli-win32-arm64-2.4.14.tgz",
      "integrity": "sha512-M3EH5hqOI/F/FUA2u4xcLoUgmxd218mvuj/6JL7Hv2toQvr2/AdOvKSpGkoRuWFCtQPVa+ZqkEV3Q5xBA9+XSA==",
      "cpu": [
        "arm64"
      ],
      "dev": true,
      "license": "MIT OR Apache-2.0",
      "optional": true,
      "os": [
        "win32"
      ],
      "engines": {
        "node": ">=14.21.3"
      }
    },
    "node_modules/@biomejs/cli-win32-x64": {
      "version": "2.4.14",
      "resolved": "https://registry.npmjs.org/@biomejs/cli-win32-x64/-/cli-win32-x64-2.4.14.tgz",
      "integrity": "sha512-WL0EG5qE+EAKomGXbf2g6VnSKJhTL3tXC0QRzWRwA5VpjxNYa6H4P7ZWfymbGE4IhZZQi1KXQ2R0YjwInmz2fA==",
      "cpu": [
        "x64"
      ],
      "dev": true,
      "license": "MIT OR Apache-2.0",
      "optional": true,
      "os": [
        "win32"
      ],
      "engines": {
        "node": ">=14.21.3"
      }
    },
    "node_modules/@esbuild/darwin-x64": {
      "version": "0.27.7",
      "cpu": [
        "x64"
      ],
      "dev": true,
      "license": "MIT",
      "optional": true,
      "os": [
        "darwin"
      ],
      "engines": {
        "node": ">=18"
      }
    },
    "node_modules/@fastify/ajv-compiler": {
      "version": "4.0.5",
      "funding": [
        {
          "type": "github",
          "url": "https://github.com/sponsors/fastify"
        },
        {
          "type": "opencollective",
          "url": "https://opencollective.com/fastify"
        }
      ],
      "license": "MIT",
      "dependencies": {
        "ajv": "^8.12.0",
        "ajv-formats": "^3.0.1",
        "fast-uri": "^3.0.0"
      }
    },
    "node_modules/@fastify/ajv-compiler/node_modules/ajv": {
      "version": "8.20.0",
      "license": "MIT",
      "dependencies": {
        "fast-deep-equal": "^3.1.3",
        "fast-uri": "^3.0.1",
        "json-schema-traverse": "^1.0.0",
        "require-from-string": "^2.0.2"
      },
      "funding": {
        "type": "github",
        "url": "https://github.com/sponsors/epoberezkin"
      }
    },
    "node_modules/@fastify/ajv-compiler/node_modules/json-schema-traverse": {
      "version": "1.0.0",
      "license": "MIT"
    },
    "node_modules/@fastify/error": {
      "version": "4.2.0",
      "funding": [
        {
          "type": "github",
          "url": "https://github.com/sponsors/fastify"
        },
        {
          "type": "opencollective",
          "url": "https://opencollective.com/fastify"
        }
      ],
      "license": "MIT"
    },
    "node_modules/@fastify/fast-json-stringify-compiler": {
      "version": "5.0.3",
      "funding": [
        {
          "type": "github",
          "url": "https://github.com/sponsors/fastify"
        },
        {
          "type": "opencollective",
          "url": "https://opencollective.com/fastify"
        }
      ],
      "license": "MIT",
      "dependencies": {
        "fast-json-stringify": "^6.0.0"
      }
    },
    "node_modules/@fastify/forwarded": {
      "version": "3.0.1",
      "funding": [
        {
          "type": "github",
          "url": "https://github.com/sponsors/fastify"
        },
        {
          "type": "opencollective",
          "url": "https://opencollective.com/fastify"
        }
      ],
      "license": "MIT"
    },
    "node_modules/@fastify/merge-json-schemas": {
      "version": "0.2.1",
      "funding": [
        {
          "type": "github",
          "url": "https://github.com/sponsors/fastify"
        },
        {
          "type": "opencollective",
          "url": "https://opencollective.com/fastify"
        }
      ],
      "license": "MIT",
      "dependencies": {
        "dequal": "^2.0.3"
      }
    },
    "node_modules/@fastify/proxy-addr": {
      "version": "5.1.0",
      "funding": [
        {
          "type": "github",
          "url": "https://github.com/sponsors/fastify"
        },
        {
          "type": "opencollective",
          "url": "https://opencollective.com/fastify"
        }
      ],
      "license": "MIT",
      "dependencies": {
        "@fastify/forwarded": "^3.0.0",
        "ipaddr.js": "^2.1.0"
      }
    },
    "node_modules/@img/colour": {
      "version": "1.1.0",
      "license": "MIT",
      "optional": true,
      "engines": {
        "node": ">=18"
      }
    },
    "node_modules/@img/sharp-darwin-x64": {
      "version": "0.34.5",
      "cpu": [
        "x64"
      ],
      "license": "Apache-2.0",
      "optional": true,
      "os": [
        "darwin"
      ],
      "engines": {
        "node": "^18.17.0 || ^20.3.0 || >=21.0.0"
      },
      "funding": {
        "url": "https://opencollective.com/libvips"
      },
      "optionalDependencies": {
        "@img/sharp-libvips-darwin-x64": "1.2.4"
      }
    },
    "node_modules/@img/sharp-libvips-darwin-x64": {
      "version": "1.2.4",
      "cpu": [
        "x64"
      ],
      "license": "LGPL-3.0-or-later",
      "optional": true,
      "os": [
        "darwin"
      ],
      "funding": {
        "url": "https://opencollective.com/libvips"
      }
    },
    "node_modules/@next/env": {
      "version": "16.2.0",
      "license": "MIT"
    },
    "node_modules/@next/swc-darwin-arm64": {
      "version": "16.2.0",
      "resolved": "https://registry.npmjs.org/@next/swc-darwin-arm64/-/swc-darwin-arm64-16.2.0.tgz",
      "integrity": "sha512-/JZsqKzKt01IFoiLLAzlNqys7qk2F3JkcUhj50zuRhKDQkZNOz9E5N6wAQWprXdsvjRP4lTFj+/+36NSv5AwhQ==",
      "cpu": [
        "arm64"
      ],
      "optional": true,
      "os": [
        "darwin"
      ],
      "engines": {
        "node": ">= 10"
      }
    },
    "node_modules/@next/swc-darwin-x64": {
      "version": "16.2.0",
      "cpu": [
        "x64"
      ],
      "license": "MIT",
      "optional": true,
      "os": [
        "darwin"
      ],
      "engines": {
        "node": ">= 10"
      }
    },
    "node_modules/@next/swc-linux-arm64-gnu": {
      "version": "16.2.0",
      "resolved": "https://registry.npmjs.org/@next/swc-linux-arm64-gnu/-/swc-linux-arm64-gnu-16.2.0.tgz",
      "integrity": "sha512-GkjL/Q7MWOwqWR9zoxu1TIHzkOI2l2BHCf7FzeQG87zPgs+6WDh+oC9Sw9ARuuL/FUk6JNCgKRkA6rEQYadUaw==",
      "cpu": [
        "arm64"
      ],
      "optional": true,
      "os": [
        "linux"
      ],
      "engines": {
        "node": ">= 10"
      }
    },
    "node_modules/@next/swc-linux-arm64-musl": {
      "version": "16.2.0",
      "resolved": "https://registry.npmjs.org/@next/swc-linux-arm64-musl/-/swc-linux-arm64-musl-16.2.0.tgz",
      "integrity": "sha512-1ffhC6KY5qWLg5miMlKJp3dZbXelEfjuXt1qcp5WzSCQy36CV3y+JT7OC1WSFKizGQCDOcQbfkH/IjZP3cdRNA==",
      "cpu": [
        "arm64"
      ],
      "optional": true,
      "os": [
        "linux"
      ],
      "engines": {
        "node": ">= 10"
      }
    },
    "node_modules/@next/swc-linux-x64-gnu": {
      "version": "16.2.0",
      "resolved": "https://registry.npmjs.org/@next/swc-linux-x64-gnu/-/swc-linux-x64-gnu-16.2.0.tgz",
      "integrity": "sha512-FmbDcZQ8yJRq93EJSL6xaE0KK/Rslraf8fj1uViGxg7K4CKBCRYSubILJPEhjSgZurpcPQq12QNOJQ0DRJl6Hg==",
      "cpu": [
        "x64"
      ],
      "optional": true,
      "os": [
        "linux"
      ],
      "engines": {
        "node": ">= 10"
      }
    },
    "node_modules/@next/swc-linux-x64-musl": {
      "version": "16.2.0",
      "resolved": "https://registry.npmjs.org/@next/swc-linux-x64-musl/-/swc-linux-x64-musl-16.2.0.tgz",
      "integrity": "sha512-HzjIHVkmGAwRbh/vzvoBWWEbb8BBZPxBvVbDQDvzHSf3D8RP/4vjw7MNLDXFF9Q1WEzeQyEj2zdxBtVAHu5Oyw==",
      "cpu": [
        "x64"
      ],
      "optional": true,
      "os": [
        "linux"
      ],
      "engines": {
        "node": ">= 10"
      }
    },
    "node_modules/@next/swc-win32-arm64-msvc": {
      "version": "16.2.0",
      "resolved": "https://registry.npmjs.org/@next/swc-win32-arm64-msvc/-/swc-win32-arm64-msvc-16.2.0.tgz",
      "integrity": "sha512-UMiFNQf5H7+1ZsZPxEsA064WEuFbRNq/kEXyepbCnSErp4f5iut75dBA8UeerFIG3vDaQNOfCpevnERPp2V+nA==",
      "cpu": [
        "arm64"
      ],
      "optional": true,
      "os": [
        "win32"
      ],
      "engines": {
        "node": ">= 10"
      }
    },
    "node_modules/@next/swc-win32-x64-msvc": {
      "version": "16.2.0",
      "resolved": "https://registry.npmjs.org/@next/swc-win32-x64-msvc/-/swc-win32-x64-msvc-16.2.0.tgz",
      "integrity": "sha512-DRrNJKW+/eimrZgdhVN1uvkN1OI4j6Lpefwr44jKQ0YQzztlmOBUUzHuV5GxOMPK3nmodAYElUVCY8ZXo/IWeA==",
      "cpu": [
        "x64"
      ],
      "optional": true,
      "os": [
        "win32"
      ],
      "engines": {
        "node": ">= 10"
      }
    },
    "node_modules/@pinojs/redact": {
      "version": "0.4.0",
      "license": "MIT"
    },
    "node_modules/@repo/biome-config": {
      "resolved": "packages/biome-config",
      "link": true
    },
    "node_modules/@repo/typescript-config": {
      "resolved": "packages/typescript-config",
      "link": true
    },
    "node_modules/@swc/helpers": {
      "version": "0.5.15",
      "license": "Apache-2.0",
      "dependencies": {
        "tslib": "^2.8.0"
      }
    },
    "node_modules/@turbo/darwin-64": {
      "version": "2.9.8",
      "resolved": "https://registry.npmjs.org/@turbo/darwin-64/-/darwin-64-2.9.8.tgz",
      "integrity": "sha512-zU1P95ygDpsQ+2QHh7CVTqvYwi9UBlhKWzoIyUnP3vUoge7H9SQEzrd8dj+XcTrslAp9Db3vIBcXtMVoTEYDnA==",
      "cpu": [
        "x64"
      ],
      "dev": true,
      "license": "MIT",
      "optional": true,
      "os": [
        "darwin"
      ]
    },
    "node_modules/@turbo/darwin-arm64": {
      "version": "2.9.8",
      "resolved": "https://registry.npmjs.org/@turbo/darwin-arm64/-/darwin-arm64-2.9.8.tgz",
      "integrity": "sha512-nKRFI5ZhCGUi4eXNlrojzWcT/CehMj0raot1WE4lw5qf66ZxZHbRbBqcwNEy+ZLY7RkJJRY+TaU89fuj3BcgGg==",
      "cpu": [
        "arm64"
      ],
      "dev": true,
      "license": "MIT",
      "optional": true,
      "os": [
        "darwin"
      ]
    },
    "node_modules/@turbo/linux-64": {
      "version": "2.9.8",
      "resolved": "https://registry.npmjs.org/@turbo/linux-64/-/linux-64-2.9.8.tgz",
      "integrity": "sha512-Wf/kQpVDCaWM3P5d6lKvJnqjYn/ofUBGbT4h4vRFrdC4N6B/nsun03S2kQNJJMXpXg39woeS4CI367RMU3/OAg==",
      "cpu": [
        "x64"
      ],
      "dev": true,
      "license": "MIT",
      "optional": true,
      "os": [
        "linux"
      ]
    },
    "node_modules/@turbo/linux-arm64": {
      "version": "2.9.8",
      "resolved": "https://registry.npmjs.org/@turbo/linux-arm64/-/linux-arm64-2.9.8.tgz",
      "integrity": "sha512-v6S3HuKVoa9CEx16IxKj1i/+crxXx22A9O80zW1350zyUlcX0T/zLOxVf1k+ruK/7ssXnDJVg8uSYOxlYRedlA==",
      "cpu": [
        "arm64"
      ],
      "dev": true,
      "license": "MIT",
      "optional": true,
      "os": [
        "linux"
      ]
    },
    "node_modules/@turbo/windows-64": {
      "version": "2.9.8",
      "resolved": "https://registry.npmjs.org/@turbo/windows-64/-/windows-64-2.9.8.tgz",
      "integrity": "sha512-JaefWOJNBazDylAn3f+lLB34XMNu8nEBbgPRP/Ewysg81cBubGfcyyyzpQOGVuMwfaqdNAE/kitG7w3AbJn9/g==",
      "cpu": [
        "x64"
      ],
      "dev": true,
      "license": "MIT",
      "optional": true,
      "os": [
        "win32"
      ]
    },
    "node_modules/@turbo/windows-arm64": {
      "version": "2.9.8",
      "resolved": "https://registry.npmjs.org/@turbo/windows-arm64/-/windows-arm64-2.9.8.tgz",
      "integrity": "sha512-Or6ljjB4TiiwCdVKDYWew0SokQ9kep5zruL8P3nbum9WdkH5XA41rQID4Ulc215Z+R3DrB+qXSHPsJjU3/n2ng==",
      "cpu": [
        "arm64"
      ],
      "dev": true,
      "license": "MIT",
      "optional": true,
      "os": [
        "win32"
      ]
    },
    "node_modules/@types/node": {
      "version": "22.19.17",
      "dev": true,
      "license": "MIT",
      "dependencies": {
        "undici-types": "~6.21.0"
      }
    },
    "node_modules/@types/react": {
      "version": "19.2.2",
      "dev": true,
      "license": "MIT",
      "dependencies": {
        "csstype": "^3.0.2"
      }
    },
    "node_modules/@types/react-dom": {
      "version": "19.2.2",
      "dev": true,
      "license": "MIT",
      "peerDependencies": {
        "@types/react": "^19.2.0"
      }
    },
    "node_modules/abstract-logging": {
      "version": "2.0.1",
      "license": "MIT"
    },
    "node_modules/ajv-formats": {
      "version": "3.0.1",
      "license": "MIT",
      "dependencies": {
        "ajv": "^8.0.0"
      },
      "peerDependencies": {
        "ajv": "^8.0.0"
      },
      "peerDependenciesMeta": {
        "ajv": {
          "optional": true
        }
      }
    },
    "node_modules/ajv-formats/node_modules/ajv": {
      "version": "8.20.0",
      "license": "MIT",
      "dependencies": {
        "fast-deep-equal": "^3.1.3",
        "fast-uri": "^3.0.1",
        "json-schema-traverse": "^1.0.0",
        "require-from-string": "^2.0.2"
      },
      "funding": {
        "type": "github",
        "url": "https://github.com/sponsors/epoberezkin"
      }
    },
    "node_modules/ajv-formats/node_modules/json-schema-traverse": {
      "version": "1.0.0",
      "license": "MIT"
    },
    "node_modules/api": {
      "resolved": "apps/api",
      "link": true
    },
    "node_modules/argparse": {
      "version": "2.0.1",
      "license": "Python-2.0"
    },
    "node_modules/atomic-sleep": {
      "version": "1.0.0",
      "license": "MIT",
      "engines": {
        "node": ">=8.0.0"
      }
    },
    "node_modules/avvio": {
      "version": "9.2.0",
      "funding": [
        {
          "type": "github",
          "url": "https://github.com/sponsors/fastify"
        },
        {
          "type": "opencollective",
          "url": "https://opencollective.com/fastify"
        }
      ],
      "license": "MIT",
      "dependencies": {
        "@fastify/error": "^4.0.0",
        "fastq": "^1.17.1"
      }
    },
    "node_modules/balanced-match": {
      "version": "1.0.2",
      "license": "MIT"
    },
    "node_modules/baseline-browser-mapping": {
      "version": "2.10.25",
      "license": "Apache-2.0",
      "bin": {
        "baseline-browser-mapping": "dist/cli.cjs"
      },
      "engines": {
        "node": ">=6.0.0"
      }
    },
    "node_modules/brace-expansion": {
      "version": "1.1.14",
      "license": "MIT",
      "dependencies": {
        "balanced-match": "^1.0.0",
        "concat-map": "0.0.1"
      }
    },
    "node_modules/caniuse-lite": {
      "version": "1.0.30001791",
      "funding": [
        {
          "type": "opencollective",
          "url": "https://opencollective.com/browserslist"
        },
        {
          "type": "tidelift",
          "url": "https://tidelift.com/funding/github/npm/caniuse-lite"
        },
        {
          "type": "github",
          "url": "https://github.com/sponsors/ai"
        }
      ],
      "license": "CC-BY-4.0"
    },
    "node_modules/client-only": {
      "version": "0.0.1",
      "license": "MIT"
    },
    "node_modules/concat-map": {
      "version": "0.0.1",
      "license": "MIT"
    },
    "node_modules/content-disposition": {
      "version": "0.5.4",
      "license": "MIT",
      "dependencies": {
        "safe-buffer": "5.2.1"
      },
      "engines": {
        "node": ">= 0.6"
      }
    },
    "node_modules/cookie": {
      "version": "1.1.1",
      "license": "MIT",
      "engines": {
        "node": ">=18"
      },
      "funding": {
        "type": "opencollective",
        "url": "https://opencollective.com/express"
      }
    },
    "node_modules/csstype": {
      "version": "3.2.3",
      "dev": true,
      "license": "MIT"
    },
    "node_modules/debug": {
      "version": "4.4.3",
      "license": "MIT",
      "dependencies": {
        "ms": "^2.1.3"
      },
      "engines": {
        "node": ">=6.0"
      },
      "peerDependenciesMeta": {
        "supports-color": {
          "optional": true
        }
      }
    },
    "node_modules/depd": {
      "version": "1.1.2",
      "license": "MIT",
      "engines": {
        "node": ">= 0.6"
      }
    },
    "node_modules/dequal": {
      "version": "2.0.3",
      "license": "MIT",
      "engines": {
        "node": ">=6"
      }
    },
    "node_modules/destroy": {
      "version": "1.0.4",
      "license": "MIT"
    },
    "node_modules/detect-libc": {
      "version": "2.1.2",
      "license": "Apache-2.0",
      "optional": true,
      "engines": {
        "node": ">=8"
      }
    },
    "node_modules/ee-first": {
      "version": "1.1.1",
      "license": "MIT"
    },
    "node_modules/encodeurl": {
      "version": "1.0.2",
      "license": "MIT",
      "engines": {
        "node": ">= 0.8"
      }
    },
    "node_modules/encoding-negotiator": {
      "version": "2.0.1",
      "license": "MIT",
      "engines": {
        "node": ">=10.13.0"
      }
    },
    "node_modules/esbuild": {
      "version": "0.27.7",
      "dev": true,
      "hasInstallScript": true,
      "license": "MIT",
      "bin": {
        "esbuild": "bin/esbuild"
      },
      "engines": {
        "node": ">=18"
      },
      "optionalDependencies": {
        "@esbuild/aix-ppc64": "0.27.7",
        "@esbuild/android-arm": "0.27.7",
        "@esbuild/android-arm64": "0.27.7",
        "@esbuild/android-x64": "0.27.7",
        "@esbuild/darwin-arm64": "0.27.7",
        "@esbuild/darwin-x64": "0.27.7",
        "@esbuild/freebsd-arm64": "0.27.7",
        "@esbuild/freebsd-x64": "0.27.7",
        "@esbuild/linux-arm": "0.27.7",
        "@esbuild/linux-arm64": "0.27.7",
        "@esbuild/linux-ia32": "0.27.7",
        "@esbuild/linux-loong64": "0.27.7",
        "@esbuild/linux-mips64el": "0.27.7",
        "@esbuild/linux-ppc64": "0.27.7",
        "@esbuild/linux-riscv64": "0.27.7",
        "@esbuild/linux-s390x": "0.27.7",
        "@esbuild/linux-x64": "0.27.7",
        "@esbuild/netbsd-arm64": "0.27.7",
        "@esbuild/netbsd-x64": "0.27.7",
        "@esbuild/openbsd-arm64": "0.27.7",
        "@esbuild/openbsd-x64": "0.27.7",
        "@esbuild/openharmony-arm64": "0.27.7",
        "@esbuild/sunos-x64": "0.27.7",
        "@esbuild/win32-arm64": "0.27.7",
        "@esbuild/win32-ia32": "0.27.7",
        "@esbuild/win32-x64": "0.27.7"
      }
    },
    "node_modules/escape-html": {
      "version": "1.0.3",
      "license": "MIT"
    },
    "node_modules/etag": {
      "version": "1.8.1",
      "license": "MIT",
      "engines": {
        "node": ">= 0.6"
      }
    },
    "node_modules/fast-decode-uri-component": {
      "version": "1.0.1",
      "license": "MIT"
    },
    "node_modules/fast-deep-equal": {
      "version": "3.1.3",
      "license": "MIT"
    },
    "node_modules/fast-json-stringify": {
      "version": "6.3.0",
      "funding": [
        {
          "type": "github",
          "url": "https://github.com/sponsors/fastify"
        },
        {
          "type": "opencollective",
          "url": "https://opencollective.com/fastify"
        }
      ],
      "license": "MIT",
      "dependencies": {
        "@fastify/merge-json-schemas": "^0.2.0",
        "ajv": "^8.12.0",
        "ajv-formats": "^3.0.1",
        "fast-uri": "^3.0.0",
        "json-schema-ref-resolver": "^3.0.0",
        "rfdc": "^1.2.0"
      }
    },
    "node_modules/fast-json-stringify/node_modules/ajv": {
      "version": "8.20.0",
      "license": "MIT",
      "dependencies": {
        "fast-deep-equal": "^3.1.3",
        "fast-uri": "^3.0.1",
        "json-schema-traverse": "^1.0.0",
        "require-from-string": "^2.0.2"
      },
      "funding": {
        "type": "github",
        "url": "https://github.com/sponsors/epoberezkin"
      }
    },
    "node_modules/fast-json-stringify/node_modules/json-schema-traverse": {
      "version": "1.0.0",
      "license": "MIT"
    },
    "node_modules/fast-querystring": {
      "version": "1.1.2",
      "license": "MIT",
      "dependencies": {
        "fast-decode-uri-component": "^1.0.1"
      }
    },
    "node_modules/fast-uri": {
      "version": "3.1.0",
      "funding": [
        {
          "type": "github",
          "url": "https://github.com/sponsors/fastify"
        },
        {
          "type": "opencollective",
          "url": "https://opencollective.com/fastify"
        }
      ],
      "license": "BSD-3-Clause"
    },
    "node_modules/fastify": {
      "version": "5.8.5",
      "funding": [
        {
          "type": "github",
          "url": "https://github.com/sponsors/fastify"
        },
        {
          "type": "opencollective",
          "url": "https://opencollective.com/fastify"
        }
      ],
      "license": "MIT",
      "dependencies": {
        "@fastify/ajv-compiler": "^4.0.5",
        "@fastify/error": "^4.0.0",
        "@fastify/fast-json-stringify-compiler": "^5.0.0",
        "@fastify/proxy-addr": "^5.0.0",
        "abstract-logging": "^2.0.1",
        "avvio": "^9.0.0",
        "fast-json-stringify": "^6.0.0",
        "find-my-way": "^9.0.0",
        "light-my-request": "^6.0.0",
        "pino": "^9.14.0 || ^10.1.0",
        "process-warning": "^5.0.0",
        "rfdc": "^1.3.1",
        "secure-json-parse": "^4.0.0",
        "semver": "^7.6.0",
        "toad-cache": "^3.7.0"
      }
    },
    "node_modules/fastify-plugin": {
      "version": "3.0.1",
      "license": "MIT"
    },
    "node_modules/fastify-static": {
      "version": "4.6.1",
      "license": "MIT",
      "dependencies": {
        "content-disposition": "^0.5.3",
        "encoding-negotiator": "^2.0.1",
        "fastify-plugin": "^3.0.0",
        "glob": "^7.1.4",
        "p-limit": "^3.1.0",
        "readable-stream": "^3.4.0",
        "send": "^0.17.1"
      }
    },
    "node_modules/fastify-swagger": {
      "version": "5.1.1",
      "license": "MIT",
      "dependencies": {
        "fastify-plugin": "^3.0.0",
        "fastify-static": "^4.0.0",
        "js-yaml": "^4.0.0",
        "json-schema-resolver": "^1.3.0",
        "openapi-types": "^10.0.0",
        "rfdc": "^1.3.0"
      }
    },
    "node_modules/fastify/node_modules/semver": {
      "version": "7.7.4",
      "license": "ISC",
      "bin": {
        "semver": "bin/semver.js"
      },
      "engines": {
        "node": ">=10"
      }
    },
    "node_modules/fastq": {
      "version": "1.20.1",
      "license": "ISC",
      "dependencies": {
        "reusify": "^1.0.4"
      }
    },
    "node_modules/find-my-way": {
      "version": "9.5.0",
      "license": "MIT",
      "dependencies": {
        "fast-deep-equal": "^3.1.3",
        "fast-querystring": "^1.0.0",
        "safe-regex2": "^5.0.0"
      },
      "engines": {
        "node": ">=20"
      }
    },
    "node_modules/fresh": {
      "version": "0.5.2",
      "license": "MIT",
      "engines": {
        "node": ">= 0.6"
      }
    },
    "node_modules/fs.realpath": {
      "version": "1.0.0",
      "license": "ISC"
    },
    "node_modules/fsevents": {
      "version": "2.3.3",
      "dev": true,
      "license": "MIT",
      "optional": true,
      "os": [
        "darwin"
      ],
      "engines": {
        "node": "^8.16.0 || ^10.6.0 || >=11.0.0"
      }
    },
    "node_modules/get-tsconfig": {
      "version": "4.14.0",
      "dev": true,
      "license": "MIT",
      "dependencies": {
        "resolve-pkg-maps": "^1.0.0"
      },
      "funding": {
        "url": "https://github.com/privatenumber/get-tsconfig?sponsor=1"
      }
    },
    "node_modules/glob": {
      "version": "7.2.3",
      "license": "ISC",
      "dependencies": {
        "fs.realpath": "^1.0.0",
        "inflight": "^1.0.4",
        "inherits": "2",
        "minimatch": "^3.1.1",
        "once": "^1.3.0",
        "path-is-absolute": "^1.0.0"
      },
      "engines": {
        "node": "*"
      },
      "funding": {
        "url": "https://github.com/sponsors/isaacs"
      }
    },
    "node_modules/http-errors": {
      "version": "1.8.1",
      "license": "MIT",
      "dependencies": {
        "depd": "~1.1.2",
        "inherits": "2.0.4",
        "setprototypeof": "1.2.0",
        "statuses": ">= 1.5.0 < 2",
        "toidentifier": "1.0.1"
      },
      "engines": {
        "node": ">= 0.6"
      }
    },
    "node_modules/inflight": {
      "version": "1.0.6",
      "license": "ISC",
      "dependencies": {
        "once": "^1.3.0",
        "wrappy": "1"
      }
    },
    "node_modules/inherits": {
      "version": "2.0.4",
      "license": "ISC"
    },
    "node_modules/ipaddr.js": {
      "version": "2.3.0",
      "license": "MIT",
      "engines": {
        "node": ">= 10"
      }
    },
    "node_modules/js-yaml": {
      "version": "4.1.1",
      "license": "MIT",
      "dependencies": {
        "argparse": "^2.0.1"
      },
      "bin": {
        "js-yaml": "bin/js-yaml.js"
      }
    },
    "node_modules/json-schema-ref-resolver": {
      "version": "3.0.0",
      "funding": [
        {
          "type": "github",
          "url": "https://github.com/sponsors/fastify"
        },
        {
          "type": "opencollective",
          "url": "https://opencollective.com/fastify"
        }
      ],
      "license": "MIT",
      "dependencies": {
        "dequal": "^2.0.3"
      }
    },
    "node_modules/json-schema-resolver": {
      "version": "1.3.0",
      "license": "MIT",
      "dependencies": {
        "debug": "^4.1.1",
        "rfdc": "^1.1.4",
        "uri-js": "^4.2.2"
      },
      "engines": {
        "node": ">=10"
      }
    },
    "node_modules/light-my-request": {
      "version": "6.6.0",
      "funding": [
        {
          "type": "github",
          "url": "https://github.com/sponsors/fastify"
        },
        {
          "type": "opencollective",
          "url": "https://opencollective.com/fastify"
        }
      ],
      "license": "BSD-3-Clause",
      "dependencies": {
        "cookie": "^1.0.1",
        "process-warning": "^4.0.0",
        "set-cookie-parser": "^2.6.0"
      }
    },
    "node_modules/light-my-request/node_modules/process-warning": {
      "version": "4.0.1",
      "funding": [
        {
          "type": "github",
          "url": "https://github.com/sponsors/fastify"
        },
        {
          "type": "opencollective",
          "url": "https://opencollective.com/fastify"
        }
      ],
      "license": "MIT"
    },
    "node_modules/mime": {
      "version": "1.6.0",
      "license": "MIT",
      "bin": {
        "mime": "cli.js"
      },
      "engines": {
        "node": ">=4"
      }
    },
    "node_modules/minimatch": {
      "version": "3.1.5",
      "license": "ISC",
      "dependencies": {
        "brace-expansion": "^1.1.7"
      },
      "engines": {
        "node": "*"
      }
    },
    "node_modules/ms": {
      "version": "2.1.3",
      "license": "MIT"
    },
    "node_modules/nanoid": {
      "version": "3.3.12",
      "funding": [
        {
          "type": "github",
          "url": "https://github.com/sponsors/ai"
        }
      ],
      "license": "MIT",
      "bin": {
        "nanoid": "bin/nanoid.cjs"
      },
      "engines": {
        "node": "^10 || ^12 || ^13.7 || ^14 || >=15.0.1"
      }
    },
    "node_modules/next": {
      "version": "16.2.0",
      "license": "MIT",
      "dependencies": {
        "@next/env": "16.2.0",
        "@swc/helpers": "0.5.15",
        "baseline-browser-mapping": "^2.9.19",
        "caniuse-lite": "^1.0.30001579",
        "postcss": "8.4.31",
        "styled-jsx": "5.1.6"
      },
      "bin": {
        "next": "dist/bin/next"
      },
      "engines": {
        "node": ">=20.9.0"
      },
      "optionalDependencies": {
        "@next/swc-darwin-arm64": "16.2.0",
        "@next/swc-darwin-x64": "16.2.0",
        "@next/swc-linux-arm64-gnu": "16.2.0",
        "@next/swc-linux-arm64-musl": "16.2.0",
        "@next/swc-linux-x64-gnu": "16.2.0",
        "@next/swc-linux-x64-musl": "16.2.0",
        "@next/swc-win32-arm64-msvc": "16.2.0",
        "@next/swc-win32-x64-msvc": "16.2.0",
        "sharp": "^0.34.5"
      },
      "peerDependencies": {
        "@opentelemetry/api": "^1.1.0",
        "@playwright/test": "^1.51.1",
        "babel-plugin-react-compiler": "*",
        "react": "^18.2.0 || 19.0.0-rc-de68d2f4-20241204 || ^19.0.0",
        "react-dom": "^18.2.0 || 19.0.0-rc-de68d2f4-20241204 || ^19.0.0",
        "sass": "^1.3.0"
      },
      "peerDependenciesMeta": {
        "@opentelemetry/api": {
          "optional": true
        },
        "@playwright/test": {
          "optional": true
        },
        "babel-plugin-react-compiler": {
          "optional": true
        },
        "sass": {
          "optional": true
        }
      }
    },
    "node_modules/on-exit-leak-free": {
      "version": "2.1.2",
      "license": "MIT",
      "engines": {
        "node": ">=14.0.0"
      }
    },
    "node_modules/on-finished": {
      "version": "2.3.0",
      "license": "MIT",
      "dependencies": {
        "ee-first": "1.1.1"
      },
      "engines": {
        "node": ">= 0.8"
      }
    },
    "node_modules/once": {
      "version": "1.4.0",
      "license": "ISC",
      "dependencies": {
        "wrappy": "1"
      }
    },
    "node_modules/openapi-types": {
      "version": "10.0.0",
      "license": "MIT"
    },
    "node_modules/p-limit": {
      "version": "3.1.0",
      "license": "MIT",
      "dependencies": {
        "yocto-queue": "^0.1.0"
      },
      "engines": {
        "node": ">=10"
      },
      "funding": {
        "url": "https://github.com/sponsors/sindresorhus"
      }
    },
    "node_modules/path-is-absolute": {
      "version": "1.0.1",
      "license": "MIT",
      "engines": {
        "node": ">=0.10.0"
      }
    },
    "node_modules/picocolors": {
      "version": "1.1.1",
      "license": "ISC"
    },
    "node_modules/pino": {
      "version": "10.3.1",
      "license": "MIT",
      "dependencies": {
        "@pinojs/redact": "^0.4.0",
        "atomic-sleep": "^1.0.0",
        "on-exit-leak-free": "^2.1.0",
        "pino-abstract-transport": "^3.0.0",
        "pino-std-serializers": "^7.0.0",
        "process-warning": "^5.0.0",
        "quick-format-unescaped": "^4.0.3",
        "real-require": "^0.2.0",
        "safe-stable-stringify": "^2.3.1",
        "sonic-boom": "^4.0.1",
        "thread-stream": "^4.0.0"
      },
      "bin": {
        "pino": "bin.js"
      }
    },
    "node_modules/pino-abstract-transport": {
      "version": "3.0.0",
      "license": "MIT",
      "dependencies": {
        "split2": "^4.0.0"
      }
    },
    "node_modules/pino-std-serializers": {
      "version": "7.1.0",
      "license": "MIT"
    },
    "node_modules/postcss": {
      "version": "8.4.31",
      "funding": [
        {
          "type": "opencollective",
          "url": "https://opencollective.com/postcss/"
        },
        {
          "type": "tidelift",
          "url": "https://tidelift.com/funding/github/npm/postcss"
        },
        {
          "type": "github",
          "url": "https://github.com/sponsors/ai"
        }
      ],
      "license": "MIT",
      "dependencies": {
        "nanoid": "^3.3.6",
        "picocolors": "^1.0.0",
        "source-map-js": "^1.0.2"
      },
      "engines": {
        "node": "^10 || ^12 || >=14"
      }
    },
    "node_modules/process-warning": {
      "version": "5.0.0",
      "funding": [
        {
          "type": "github",
          "url": "https://github.com/sponsors/fastify"
        },
        {
          "type": "opencollective",
          "url": "https://opencollective.com/fastify"
        }
      ],
      "license": "MIT"
    },
    "node_modules/punycode": {
      "version": "2.3.1",
      "license": "MIT",
      "engines": {
        "node": ">=6"
      }
    },
    "node_modules/quick-format-unescaped": {
      "version": "4.0.4",
      "license": "MIT"
    },
    "node_modules/range-parser": {
      "version": "1.2.1",
      "license": "MIT",
      "engines": {
        "node": ">= 0.6"
      }
    },
    "node_modules/react": {
      "version": "19.2.5",
      "license": "MIT",
      "engines": {
        "node": ">=0.10.0"
      }
    },
    "node_modules/react-dom": {
      "version": "19.2.5",
      "license": "MIT",
      "dependencies": {
        "scheduler": "^0.27.0"
      },
      "peerDependencies": {
        "react": "^19.2.5"
      }
    },
    "node_modules/readable-stream": {
      "version": "3.6.2",
      "license": "MIT",
      "dependencies": {
        "inherits": "^2.0.3",
        "string_decoder": "^1.1.1",
        "util-deprecate": "^1.0.1"
      },
      "engines": {
        "node": ">= 6"
      }
    },
    "node_modules/real-require": {
      "version": "0.2.0",
      "license": "MIT",
      "engines": {
        "node": ">= 12.13.0"
      }
    },
    "node_modules/require-from-string": {
      "version": "2.0.2",
      "license": "MIT",
      "engines": {
        "node": ">=0.10.0"
      }
    },
    "node_modules/resolve-pkg-maps": {
      "version": "1.0.0",
      "dev": true,
      "license": "MIT",
      "funding": {
        "url": "https://github.com/privatenumber/resolve-pkg-maps?sponsor=1"
      }
    },
    "node_modules/ret": {
      "version": "0.5.0",
      "license": "MIT",
      "engines": {
        "node": ">=10"
      }
    },
    "node_modules/reusify": {
      "version": "1.1.0",
      "license": "MIT",
      "engines": {
        "iojs": ">=1.0.0",
        "node": ">=0.10.0"
      }
    },
    "node_modules/rfdc": {
      "version": "1.4.1",
      "license": "MIT"
    },
    "node_modules/safe-buffer": {
      "version": "5.2.1",
      "funding": [
        {
          "type": "github",
          "url": "https://github.com/sponsors/feross"
        },
        {
          "type": "patreon",
          "url": "https://www.patreon.com/feross"
        },
        {
          "type": "consulting",
          "url": "https://feross.org/support"
        }
      ],
      "license": "MIT"
    },
    "node_modules/safe-regex2": {
      "version": "5.1.1",
      "funding": [
        {
          "type": "github",
          "url": "https://github.com/sponsors/fastify"
        },
        {
          "type": "opencollective",
          "url": "https://opencollective.com/fastify"
        }
      ],
      "license": "MIT",
      "dependencies": {
        "ret": "~0.5.0"
      },
      "bin": {
        "safe-regex2": "bin/safe-regex2.js"
      }
    },
    "node_modules/safe-stable-stringify": {
      "version": "2.5.0",
      "license": "MIT",
      "engines": {
        "node": ">=10"
      }
    },
    "node_modules/scheduler": {
      "version": "0.27.0",
      "license": "MIT"
    },
    "node_modules/secure-json-parse": {
      "version": "4.1.0",
      "funding": [
        {
          "type": "github",
          "url": "https://github.com/sponsors/fastify"
        },
        {
          "type": "opencollective",
          "url": "https://opencollective.com/fastify"
        }
      ],
      "license": "BSD-3-Clause"
    },
    "node_modules/send": {
      "version": "0.17.2",
      "license": "MIT",
      "dependencies": {
        "debug": "2.6.9",
        "depd": "~1.1.2",
        "destroy": "~1.0.4",
        "encodeurl": "~1.0.2",
        "escape-html": "~1.0.3",
        "etag": "~1.8.1",
        "fresh": "0.5.2",
        "http-errors": "1.8.1",
        "mime": "1.6.0",
        "ms": "2.1.3",
        "on-finished": "~2.3.0",
        "range-parser": "~1.2.1",
        "statuses": "~1.5.0"
      },
      "engines": {
        "node": ">= 0.8.0"
      }
    },
    "node_modules/send/node_modules/debug": {
      "version": "2.6.9",
      "license": "MIT",
      "dependencies": {
        "ms": "2.0.0"
      }
    },
    "node_modules/send/node_modules/debug/node_modules/ms": {
      "version": "2.0.0",
      "license": "MIT"
    },
    "node_modules/set-cookie-parser": {
      "version": "2.7.2",
      "license": "MIT"
    },
    "node_modules/setprototypeof": {
      "version": "1.2.0",
      "license": "ISC"
    },
    "node_modules/sharp": {
      "version": "0.34.5",
      "hasInstallScript": true,
      "license": "Apache-2.0",
      "optional": true,
      "dependencies": {
        "@img/colour": "^1.0.0",
        "detect-libc": "^2.1.2",
        "semver": "^7.7.3"
      },
      "engines": {
        "node": "^18.17.0 || ^20.3.0 || >=21.0.0"
      },
      "funding": {
        "url": "https://opencollective.com/libvips"
      },
      "optionalDependencies": {
        "@img/sharp-darwin-arm64": "0.34.5",
        "@img/sharp-darwin-x64": "0.34.5",
        "@img/sharp-libvips-darwin-arm64": "1.2.4",
        "@img/sharp-libvips-darwin-x64": "1.2.4",
        "@img/sharp-libvips-linux-arm": "1.2.4",
        "@img/sharp-libvips-linux-arm64": "1.2.4",
        "@img/sharp-libvips-linux-ppc64": "1.2.4",
        "@img/sharp-libvips-linux-riscv64": "1.2.4",
        "@img/sharp-libvips-linux-s390x": "1.2.4",
        "@img/sharp-libvips-linux-x64": "1.2.4",
        "@img/sharp-libvips-linuxmusl-arm64": "1.2.4",
        "@img/sharp-libvips-linuxmusl-x64": "1.2.4",
        "@img/sharp-linux-arm": "0.34.5",
        "@img/sharp-linux-arm64": "0.34.5",
        "@img/sharp-linux-ppc64": "0.34.5",
        "@img/sharp-linux-riscv64": "0.34.5",
        "@img/sharp-linux-s390x": "0.34.5",
        "@img/sharp-linux-x64": "0.34.5",
        "@img/sharp-linuxmusl-arm64": "0.34.5",
        "@img/sharp-linuxmusl-x64": "0.34.5",
        "@img/sharp-wasm32": "0.34.5",
        "@img/sharp-win32-arm64": "0.34.5",
        "@img/sharp-win32-ia32": "0.34.5",
        "@img/sharp-win32-x64": "0.34.5"
      }
    },
    "node_modules/sharp/node_modules/semver": {
      "version": "7.7.4",
      "license": "ISC",
      "optional": true,
      "bin": {
        "semver": "bin/semver.js"
      },
      "engines": {
        "node": ">=10"
      }
    },
    "node_modules/sonic-boom": {
      "version": "4.2.1",
      "license": "MIT",
      "dependencies": {
        "atomic-sleep": "^1.0.0"
      }
    },
    "node_modules/source-map-js": {
      "version": "1.2.1",
      "license": "BSD-3-Clause",
      "engines": {
        "node": ">=0.10.0"
      }
    },
    "node_modules/split2": {
      "version": "4.2.0",
      "license": "ISC",
      "engines": {
        "node": ">= 10.x"
      }
    },
    "node_modules/statuses": {
      "version": "1.5.0",
      "license": "MIT",
      "engines": {
        "node": ">= 0.6"
      }
    },
    "node_modules/string_decoder": {
      "version": "1.3.0",
      "license": "MIT",
      "dependencies": {
        "safe-buffer": "~5.2.0"
      }
    },
    "node_modules/styled-jsx": {
      "version": "5.1.6",
      "license": "MIT",
      "dependencies": {
        "client-only": "0.0.1"
      },
      "engines": {
        "node": ">= 12.0.0"
      },
      "peerDependencies": {
        "react": ">= 16.8.0 || 17.x.x || ^18.0.0-0 || ^19.0.0-0"
      },
      "peerDependenciesMeta": {
        "@babel/core": {
          "optional": true
        },
        "babel-plugin-macros": {
          "optional": true
        }
      }
    },
    "node_modules/thread-stream": {
      "version": "4.0.0",
      "license": "MIT",
      "dependencies": {
        "real-require": "^0.2.0"
      },
      "engines": {
        "node": ">=20"
      }
    },
    "node_modules/toad-cache": {
      "version": "3.7.0",
      "license": "MIT",
      "engines": {
        "node": ">=12"
      }
    },
    "node_modules/toidentifier": {
      "version": "1.0.1",
      "license": "MIT",
      "engines": {
        "node": ">=0.6"
      }
    },
    "node_modules/tslib": {
      "version": "2.8.1",
      "license": "0BSD"
    },
    "node_modules/tsx": {
      "version": "4.21.0",
      "dev": true,
      "license": "MIT",
      "dependencies": {
        "esbuild": "~0.27.0",
        "get-tsconfig": "^4.7.5"
      },
      "bin": {
        "tsx": "dist/cli.mjs"
      },
      "engines": {
        "node": ">=18.0.0"
      },
      "optionalDependencies": {
        "fsevents": "~2.3.3"
      }
    },
    "node_modules/turbo": {
      "version": "2.9.8",
      "resolved": "https://registry.npmjs.org/turbo/-/turbo-2.9.8.tgz",
      "integrity": "sha512-REEB2rVTVDTf4hav1gJ5dIsGylWZrNonvjXFtk1dCi8gND3PhZtnYkyry1bra/Fo+iP6ctTEZbg6vWfdfHq/1A==",
      "dev": true,
      "license": "MIT",
      "bin": {
        "turbo": "bin/turbo"
      },
      "optionalDependencies": {
        "@turbo/darwin-64": "2.9.8",
        "@turbo/darwin-arm64": "2.9.8",
        "@turbo/linux-64": "2.9.8",
        "@turbo/linux-arm64": "2.9.8",
        "@turbo/windows-64": "2.9.8",
        "@turbo/windows-arm64": "2.9.8"
      }
    },
    "node_modules/typescript": {
      "version": "5.9.2",
      "dev": true,
      "license": "Apache-2.0",
      "bin": {
        "tsc": "bin/tsc",
        "tsserver": "bin/tsserver"
      },
      "engines": {
        "node": ">=14.17"
      }
    },
    "node_modules/undici-types": {
      "version": "6.21.0",
      "dev": true,
      "license": "MIT"
    },
    "node_modules/uri-js": {
      "version": "4.4.1",
      "license": "BSD-2-Clause",
      "dependencies": {
        "punycode": "^2.1.0"
      }
    },
    "node_modules/util-deprecate": {
      "version": "1.0.2",
      "license": "MIT"
    },
    "node_modules/web": {
      "resolved": "apps/web",
      "link": true
    },
    "node_modules/wrappy": {
      "version": "1.0.2",
      "license": "ISC"
    },
    "node_modules/yocto-queue": {
      "version": "0.1.0",
      "license": "MIT",
      "engines": {
        "node": ">=10"
      },
      "funding": {
        "url": "https://github.com/sponsors/sindresorhus"
      }
    },
    "packages/biome-config": {
      "name": "@repo/biome-config",
      "version": "0.0.0",
      "license": "MIT"
    },
    "packages/typescript-config": {
      "name": "@repo/typescript-config",
      "version": "0.0.0",
      "license": "MIT"
    }
  }
}
